// !$*UTF8*$!
{
	archiveVersion = 1;
	classes = {
	};
	objectVersion = 45;
	objects = {

/* Begin PBXBuildFile section */
		8DD76FB00486AB0100D96B5E /* harvest.1 in CopyFiles */ = {isa = PBXBuildFile; fileRef = C6A0FF2C0290799A04C91782 /* harvest.1 */; };
		E412EFBC1315CF4F003A7F24 /* harvest.c in Sources */ = {isa = PBXBuildFile; fileRef = E48233C3131183C0002D10A7 /* harvest.c */; };
		E412EFBD1315CF50003A7F24 /* harvest.h in Headers */ = {isa = PBXBuildFile; fileRef = E48233C2131183C0002D10A7 /* harvest.h */; };
		E482340513118EAC002D10A7 /* harvest.c in Sources */ = {isa = PBXBuildFile; fileRef = E48233C3131183C0002D10A7 /* harvest.c */; };
		E4997D8D1317077400B29CB1 /* harvestrun.c in Sources */ = {isa = PBXBuildFile; fileRef = E4997D8C1317077400B29CB1 /* harvestrun.c */; };
		E4E9900E131084C300300B0B /* libcurl.dylib in Frameworks */ = {isa = PBXBuildFile; fileRef = E4E9900D131084C300300B0B /* libcurl.dylib */; };
		E4E9911213109CBF00300B0B /* libxml2.dylib in Frameworks */ = {isa = PBXBuildFile; fileRef = E4E9911113109CBF00300B0B /* libxml2.dylib */; };
/* End PBXBuildFile section */

/* Begin PBXCopyFilesBuildPhase section */
		8DD76FAF0486AB0100D96B5E /* CopyFiles */ = {
			isa = PBXCopyFilesBuildPhase;
			buildActionMask = 8;
			dstPath = /usr/share/man/man1/;
			dstSubfolderSpec = 0;
			files = (
				8DD76FB00486AB0100D96B5E /* harvest.1 in CopyFiles */,
			);
			runOnlyForDeploymentPostprocessing = 1;
		};
/* End PBXCopyFilesBuildPhase section */

/* Begin PBXFileReference section */
		8DD76FB20486AB0100D96B5E /* harvest */ = {isa = PBXFileReference; explicitFileType = "compiled.mach-o.executable"; includeInIndex = 0; path = harvest; sourceTree = BUILT_PRODUCTS_DIR; };
		C6A0FF2C0290799A04C91782 /* harvest.1 */ = {isa = PBXFileReference; lastKnownFileType = text.man; path = harvest.1; sourceTree = "<group>"; };
		E412EFB41315CF25003A7F24 /* libharvlib.a */ = {isa = PBXFileReference; explicitFileType = archive.ar; includeInIndex = 0; path = libharvlib.a; sourceTree = BUILT_PRODUCTS_DIR; };
		E48233C2131183C0002D10A7 /* harvest.h */ = {isa = PBXFileReference; fileEncoding = 4; lastKnownFileType = sourcecode.c.h; path = harvest.h; sourceTree = "<group>"; };
		E48233C3131183C0002D10A7 /* harvest.c */ = {isa = PBXFileReference; fileEncoding = 4; lastKnownFileType = sourcecode.c.c; path = harvest.c; sourceTree = "<group>"; };
		E4997D8C1317077400B29CB1 /* harvestrun.c */ = {isa = PBXFileReference; fileEncoding = 4; lastKnownFileType = sourcecode.c.c; path = harvestrun.c; sourceTree = "<group>"; };
		E4E9900D131084C300300B0B /* libcurl.dylib */ = {isa = PBXFileReference; lastKnownFileType = "compiled.mach-o.dylib"; name = libcurl.dylib; path = /usr/lib/libcurl.dylib; sourceTree = "<absolute>"; };
		E4E9911113109CBF00300B0B /* libxml2.dylib */ = {isa = PBXFileReference; lastKnownFileType = "compiled.mach-o.dylib"; name = libxml2.dylib; path = /usr/lib/libxml2.dylib; sourceTree = "<absolute>"; };
/* End PBXFileReference section */

/* Begin PBXFrameworksBuildPhase section */
		8DD76FAD0486AB0100D96B5E /* Frameworks */ = {
			isa = PBXFrameworksBuildPhase;
			buildActionMask = 2147483647;
			files = (
				E4E9900E131084C300300B0B /* libcurl.dylib in Frameworks */,
				E4E9911213109CBF00300B0B /* libxml2.dylib in Frameworks */,
			);
			runOnlyForDeploymentPostprocessing = 0;
		};
		E412EFB21315CF25003A7F24 /* Frameworks */ = {
			isa = PBXFrameworksBuildPhase;
			buildActionMask = 2147483647;
			files = (
			);
			runOnlyForDeploymentPostprocessing = 0;
		};
/* End PBXFrameworksBuildPhase section */

/* Begin PBXGroup section */
		08FB7794FE84155DC02AAC07 /* harvest */ = {
			isa = PBXGroup;
			children = (
				08FB7795FE84155DC02AAC07 /* Source */,
				C6A0FF2B0290797F04C91782 /* Documentation */,
				1AB674ADFE9D54B511CA2CBB /* Products */,
				E4E9900D131084C300300B0B /* libcurl.dylib */,
				E4E9911113109CBF00300B0B /* libxml2.dylib */,
			);
			name = harvest;
			sourceTree = "<group>";
		};
		08FB7795FE84155DC02AAC07 /* Source */ = {
			isa = PBXGroup;
			children = (
				E48233C2131183C0002D10A7 /* harvest.h */,
				E48233C3131183C0002D10A7 /* harvest.c */,
				E4997D8C1317077400B29CB1 /* harvestrun.c */,
			);
			name = Source;
			sourceTree = "<group>";
		};
		1AB674ADFE9D54B511CA2CBB /* Products */ = {
			isa = PBXGroup;
			children = (
				8DD76FB20486AB0100D96B5E /* harvest */,
				E412EFB41315CF25003A7F24 /* libharvlib.a */,
			);
			name = Products;
			sourceTree = "<group>";
		};
		C6A0FF2B0290797F04C91782 /* Documentation */ = {
			isa = PBXGroup;
			children = (
				C6A0FF2C0290799A04C91782 /* harvest.1 */,
			);
			name = Documentation;
			sourceTree = "<group>";
		};
/* End PBXGroup section */

/* Begin PBXHeadersBuildPhase section */
		E412EFB01315CF25003A7F24 /* Headers */ = {
			isa = PBXHeadersBuildPhase;
			buildActionMask = 2147483647;
			files = (
				E412EFBD1315CF50003A7F24 /* harvest.h in Headers */,
			);
			runOnlyForDeploymentPostprocessing = 0;
		};
/* End PBXHeadersBuildPhase section */

/* Begin PBXNativeTarget section */
		8DD76FA90486AB0100D96B5E /* harvest */ = {
			isa = PBXNativeTarget;
			buildConfigurationList = 1DEB928508733DD80010E9CD /* Build configuration list for PBXNativeTarget "harvest" */;
			buildPhases = (
				8DD76FAB0486AB0100D96B5E /* Sources */,
				8DD76FAD0486AB0100D96B5E /* Frameworks */,
				8DD76FAF0486AB0100D96B5E /* CopyFiles */,
			);
			buildRules = (
			);
			dependencies = (
			);
			name = harvest;
			productInstallPath = "$(HOME)/bin";
			productName = harvest;
			productReference = 8DD76FB20486AB0100D96B5E /* harvest */;
			productType = "com.apple.product-type.tool";
		};
		E412EFB31315CF25003A7F24 /* harvlib */ = {
			isa = PBXNativeTarget;
			buildConfigurationList = E412EFC51315CF64003A7F24 /* Build configuration list for PBXNativeTarget "harvlib" */;
			buildPhases = (
				E412EFB01315CF25003A7F24 /* Headers */,
				E412EFB11315CF25003A7F24 /* Sources */,
				E412EFB21315CF25003A7F24 /* Frameworks */,
			);
			buildRules = (
			);
			dependencies = (
			);
			name = harvlib;
			productName = harvlib;
			productReference = E412EFB41315CF25003A7F24 /* libharvlib.a */;
			productType = "com.apple.product-type.library.static";
		};
/* End PBXNativeTarget section */

/* Begin PBXProject section */
		08FB7793FE84155DC02AAC07 /* Project object */ = {
			isa = PBXProject;
			buildConfigurationList = 1DEB928908733DD80010E9CD /* Build configuration list for PBXProject "harvest" */;
			compatibilityVersion = "Xcode 3.1";
			developmentRegion = English;
			hasScannedForEncodings = 1;
			knownRegions = (
				English,
				Japanese,
				French,
				German,
			);
			mainGroup = 08FB7794FE84155DC02AAC07 /* harvest */;
			projectDirPath = "";
			projectRoot = "";
			targets = (
				8DD76FA90486AB0100D96B5E /* harvest */,
				E412EFB31315CF25003A7F24 /* harvlib */,
			);
		};
/* End PBXProject section */

/* Begin PBXSourcesBuildPhase section */
		8DD76FAB0486AB0100D96B5E /* Sources */ = {
			isa = PBXSourcesBuildPhase;
			buildActionMask = 2147483647;
			files = (
				E482340513118EAC002D10A7 /* harvest.c in Sources */,
				E4997D8D1317077400B29CB1 /* harvestrun.c in Sources */,
			);
			runOnlyForDeploymentPostprocessing = 0;
		};
		E412EFB11315CF25003A7F24 /* Sources */ = {
			isa = PBXSourcesBuildPhase;
			buildActionMask = 2147483647;
			files = (
				E412EFBC1315CF4F003A7F24 /* harvest.c in Sources */,
			);
			runOnlyForDeploymentPostprocessing = 0;
		};
/* End PBXSourcesBuildPhase section */

/* Begin XCBuildConfiguration section */
		1DEB928608733DD80010E9CD /* Debug */ = {
			isa = XCBuildConfiguration;
			buildSettings = {
				ALWAYS_SEARCH_USER_PATHS = NO;
				COPY_PHASE_STRIP = NO;
				GCC_DYNAMIC_NO_PIC = NO;
				GCC_ENABLE_FIX_AND_CONTINUE = YES;
				GCC_MODEL_TUNING = G5;
				GCC_OPTIMIZATION_LEVEL = 0;
				INSTALL_PATH = /usr/local/bin;
				PRODUCT_NAME = harvest;
			};
			name = Debug;
		};
		1DEB928708733DD80010E9CD /* Release */ = {
			isa = XCBuildConfiguration;
			buildSettings = {
				ALWAYS_SEARCH_USER_PATHS = NO;
				DEBUG_INFORMATION_FORMAT = "dwarf-with-dsym";
				GCC_MODEL_TUNING = G5;
				INSTALL_PATH = /usr/local/bin;
				PRODUCT_NAME = harvest;
			};
			name = Release;
		};
		1DEB928A08733DD80010E9CD /* Debug */ = {
			isa = XCBuildConfiguration;
			buildSettings = {
				ARCHS = "$(ARCHS_STANDARD_32_64_BIT)";
				GCC_C_LANGUAGE_STANDARD = gnu99;
				GCC_OPTIMIZATION_LEVEL = 0;
				GCC_WARN_ABOUT_RETURN_TYPE = YES;
				GCC_WARN_UNUSED_VARIABLE = YES;
				HEADER_SEARCH_PATHS = "/usr/include/libxml2/**";
				PREBINDING = NO;
				SDKROOT = macosx10.6;
			};
			name = Debug;
		};
		1DEB928B08733DD80010E9CD /* Release */ = {
			isa = XCBuildConfiguration;
			buildSettings = {
				ARCHS = "$(ARCHS_STANDARD_32_64_BIT)";
				GCC_C_LANGUAGE_STANDARD = gnu99;
				GCC_WARN_ABOUT_RETURN_TYPE = YES;
				GCC_WARN_UNUSED_VARIABLE = YES;
				HEADER_SEARCH_PATHS = "/usr/include/libxml2/**";
				PREBINDING = NO;
				SDKROOT = macosx10.6;
			};
			name = Release;
		};
		E412EFB51315CF27003A7F24 /* Debug */ = {
			isa = XCBuildConfiguration;
			buildSettings = {
				ALWAYS_SEARCH_USER_PATHS = NO;
				COPY_PHASE_STRIP = NO;
				GCC_DYNAMIC_NO_PIC = NO;
				GCC_OPTIMIZATION_LEVEL = 0;
				PREBINDING = NO;
				PRODUCT_NAME = harvlib;
				SDKROOT = macosx;
			};
			name = Debug;
		};
		E412EFB61315CF27003A7F24 /* Release */ = {
			isa = XCBuildConfiguration;
			buildSettings = {
				ALWAYS_SEARCH_USER_PATHS = NO;
				COPY_PHASE_STRIP = YES;
				DEBUG_INFORMATION_FORMAT = "dwarf-with-dsym";
				GCC_ENABLE_FIX_AND_CONTINUE = NO;
				PREBINDING = NO;
				PRODUCT_NAME = harvlib;
				SDKROOT = macosx;
				ZERO_LINK = NO;
			};
			name = Release;
		};
/* End XCBuildConfiguration section */

/* Begin XCConfigurationList section */
		1DEB928508733DD80010E9CD /* Build configuration list for PBXNativeTarget "harvest" */ = {
			isa = XCConfigurationList;
			buildConfigurations = (
				1DEB928608733DD80010E9CD /* Debug */,
				1DEB928708733DD80010E9CD /* Release */,
			);
			defaultConfigurationIsVisible = 0;
			defaultConfigurationName = Release;
		};
		1DEB928908733DD80010E9CD /* Build configuration list for PBXProject "harvest" */ = {
			isa = XCConfigurationList;
			buildConfigurations = (
				1DEB928A08733DD80010E9CD /* Debug */,
				1DEB928B08733DD80010E9CD /* Release */,
			);
			defaultConfigurationIsVisible = 0;
			defaultConfigurationName = Release;
		};
		E412EFC51315CF64003A7F24 /* Build configuration list for PBXNativeTarget "harvlib" */ = {
			isa = XCConfigurationList;
			buildConfigurations = (
				E412EFB51315CF27003A7F24 /* Debug */,
				E412EFB61315CF27003A7F24 /* Release */,
			);
			defaultConfigurationIsVisible = 0;
			defaultConfigurationName = Release;
		};
/* End XCConfigurationList section */
	};
	rootObject = 08FB7793FE84155DC02AAC07 /* Project object */;
}
